
Microsoft Visual Studio Solution File, Format Version 12.00
# Visual Studio 14
VisualStudioVersion = 14.0.25420.1
MinimumVisualStudioVersion = 10.0.40219.1
Project("{FAE04EC0-301F-11D3-BF4B-00C04F79EFBC}") = "ConsoleApplication", "ConsoleApplication\ConsoleApplication.csproj", "{9F3213BD-6DD2-46C0-9ECB-A4E3D83A9406}"
EndProject
Project("{FAE04EC0-301F-11D3-BF4B-00C04F79EFBC}") = "studentstudent", "studentstudent\studentstudent.csproj", "{92C6B2A3-9766-42E5-830C-1D3CF524DDAE}"
EndProject
Global
	GlobalSection(SolutionConfigurationPlatforms) = preSolution
		Debug|Any CPU = Debug|Any CPU
		Release|Any CPU = Release|Any CPU
	EndGlobalSection
	GlobalSection(ProjectConfigurationPlatforms) = postSolution
		{9F3213BD-6DD2-46C0-9ECB-A4E3D83A9406}.Debug|Any CPU.ActiveCfg = Debug|Any CPU
		{9F3213BD-6DD2-46C0-9ECB-A4E3D83A9406}.Debug|Any CPU.Build.0 = Debug|Any CPU
		{9F3213BD-6DD2-46C0-9ECB-A4E3D83A9406}.Release|Any CPU.ActiveCfg = Release|Any CPU
		{9F3213BD-6DD2-46C0-9ECB-A4E3D83A9406}.Release|Any CPU.Build.0 = Release|Any CPU
		{92C6B2A3-9766-42E5-830C-1D3CF524DDAE}.Debug|Any CPU.ActiveCfg = Debug|Any CPU
		{92C6B2A3-9766-42E5-830C-1D3CF524DDAE}.Debug|Any CPU.Build.0 = Debug|Any CPU
		{92C6B2A3-9766-42E5-830C-1D3CF524DDAE}.Release|Any CPU.ActiveCfg = Release|Any CPU
		{92C6B2A3-9766-42E5-830C-1D3CF524DDAE}.Release|Any CPU.Build.0 = Release|Any CPU
	EndGlobalSection
	GlobalSection(SolutionProperties) = preSolution
		HideSolutionNode = FALSE
	EndGlobalSection
EndGlobal
